# THIS IS AN AUTOGENERATED FILE. DO NOT EDIT THIS FILE DIRECTLY.
# yarn lockfile v1


"@digitalbazaar/ed25519-signature-2020@^3.0.0":
  version "3.0.0"
  resolved "https://registry.yarnpkg.com/@digitalbazaar/ed25519-signature-2020/-/ed25519-signature-2020-3.0.0.tgz#d8b6aefe83c873528ac35c45bb5b056a4c0b07e3"
  integrity sha512-Va4mJlklWe7F0LwFwcZmJszeSYkWkxnsYXpmwgqPiJyxhnp0dgOPJxWRWoxsc1809mBgAxxeD+KGnjx6oFYf2Q==
  dependencies:
    "@digitalbazaar/ed25519-verification-key-2020" "^3.0.0"
    base58-universal "^1.0.0"
    ed25519-signature-2018-context "^1.1.0"
    ed25519-signature-2020-context "^1.0.1"
    esm "^3.2.25"
    jsonld-signatures "^9.0.1"

"@digitalbazaar/ed25519-verification-key-2020@^3.0.0", "@digitalbazaar/ed25519-verification-key-2020@^3.1.0":
  version "3.1.0"
  resolved "https://registry.yarnpkg.com/@digitalbazaar/ed25519-verification-key-2020/-/ed25519-verification-key-2020-3.1.0.tgz#d18ef69985a5c8a594fc11b141c89565a98012cd"
  integrity sha512-r7FIIMQ+cT/2suJfpX2ECV0gVVxhRz77tVMmSQZrfPD3NeCWAMW95VXWIe9t12iNv0vO5dS6GF8J3DI5hk9dZQ==
  dependencies:
    "@stablelib/ed25519" "^1.0.1"
    base58-universal "^1.0.0"
    crypto-ld "^5.1.0"
    esm "^3.2.25"

"@digitalbazaar/http-client@^1.1.0":
  version "1.2.0"
  resolved "https://registry.yarnpkg.com/@digitalbazaar/http-client/-/http-client-1.2.0.tgz#1ea3661e77000a15bd892a294f20dc6cc5d1c93b"
  integrity sha512-W9KQQ5pUJcaR0I4c2HPJC0a7kRbZApIorZgPnEDwMBgj16iQzutGLrCXYaZOmxqVLVNqqlQ4aUJh+HBQZy4W6Q==
  dependencies:
    esm "^3.2.22"
    ky "^0.25.1"
    ky-universal "^0.8.2"

"@ethersproject/abi@5.4.1", "@ethersproject/abi@^5.4.0":
  version "5.4.1"
  resolved "https://registry.yarnpkg.com/@ethersproject/abi/-/abi-5.4.1.tgz#6ac28fafc9ef6f5a7a37e30356a2eb31fa05d39b"
  integrity sha512-9mhbjUk76BiSluiiW4BaYyI58KSbDMMQpCLdsAR+RsT2GyATiNYxVv+pGWRrekmsIdY3I+hOqsYQSTkc8L/mcg==
  dependencies:
    "@ethersproject/address" "^5.4.0"
    "@ethersproject/bignumber" "^5.4.0"
    "@ethersproject/bytes" "^5.4.0"
    "@ethersproject/constants" "^5.4.0"
    "@ethersproject/hash" "^5.4.0"
    "@ethersproject/keccak256" "^5.4.0"
    "@ethersproject/logger" "^5.4.0"
    "@ethersproject/properties" "^5.4.0"
    "@ethersproject/strings" "^5.4.0"

"@ethersproject/abstract-provider@5.4.1", "@ethersproject/abstract-provider@^5.4.0":
  version "5.4.1"
  resolved "https://registry.yarnpkg.com/@ethersproject/abstract-provider/-/abstract-provider-5.4.1.tgz#e404309a29f771bd4d28dbafadcaa184668c2a6e"
  integrity sha512-3EedfKI3LVpjSKgAxoUaI+gB27frKsxzm+r21w9G60Ugk+3wVLQwhi1LsEJAKNV7WoZc8CIpNrATlL1QFABjtQ==
  dependencies:
    "@ethersproject/bignumber" "^5.4.0"
    "@ethersproject/bytes" "^5.4.0"
    "@ethersproject/logger" "^5.4.0"
    "@ethersproject/networks" "^5.4.0"
    "@ethersproject/properties" "^5.4.0"
    "@ethersproject/transactions" "^5.4.0"
    "@ethersproject/web" "^5.4.0"

"@ethersproject/abstract-signer@5.4.1", "@ethersproject/abstract-signer@^5.4.0":
  version "5.4.1"
  resolved "https://registry.yarnpkg.com/@ethersproject/abstract-signer/-/abstract-signer-5.4.1.tgz#e4e9abcf4dd4f1ba0db7dff9746a5f78f355ea81"
  integrity sha512-SkkFL5HVq1k4/25dM+NWP9MILgohJCgGv5xT5AcRruGz4ILpfHeBtO/y6j+Z3UN/PAjDeb4P7E51Yh8wcGNLGA==
  dependencies:
    "@ethersproject/abstract-provider" "^5.4.0"
    "@ethersproject/bignumber" "^5.4.0"
    "@ethersproject/bytes" "^5.4.0"
    "@ethersproject/logger" "^5.4.0"
    "@ethersproject/properties" "^5.4.0"

"@ethersproject/address@5.4.0", "@ethersproject/address@^5.4.0":
  version "5.4.0"
  resolved "https://registry.yarnpkg.com/@ethersproject/address/-/address-5.4.0.tgz#ba2d00a0f8c4c0854933b963b9a3a9f6eb4a37a3"
  integrity sha512-SD0VgOEkcACEG/C6xavlU1Hy3m5DGSXW3CUHkaaEHbAPPsgi0coP5oNPsxau8eTlZOk/bpa/hKeCNoK5IzVI2Q==
  dependencies:
    "@ethersproject/bignumber" "^5.4.0"
    "@ethersproject/bytes" "^5.4.0"
    "@ethersproject/keccak256" "^5.4.0"
    "@ethersproject/logger" "^5.4.0"
    "@ethersproject/rlp" "^5.4.0"

"@ethersproject/base64@5.4.0", "@ethersproject/base64@^5.4.0":
  version "5.4.0"
  resolved "https://registry.yarnpkg.com/@ethersproject/base64/-/base64-5.4.0.tgz#7252bf65295954c9048c7ca5f43e5c86441b2a9a"
  integrity sha512-CjQw6E17QDSSC5jiM9YpF7N1aSCHmYGMt9bWD8PWv6YPMxjsys2/Q8xLrROKI3IWJ7sFfZ8B3flKDTM5wlWuZQ==
  dependencies:
    "@ethersproject/bytes" "^5.4.0"

"@ethersproject/basex@5.4.0", "@ethersproject/basex@^5.4.0":
  version "5.4.0"
  resolved "https://registry.yarnpkg.com/@ethersproject/basex/-/basex-5.4.0.tgz#0a2da0f4e76c504a94f2b21d3161ed9438c7f8a6"
  integrity sha512-J07+QCVJ7np2bcpxydFVf/CuYo9mZ7T73Pe7KQY4c1lRlrixMeblauMxHXD0MPwFmUHZIILDNViVkykFBZylbg==
  dependencies:
    "@ethersproject/bytes" "^5.4.0"
    "@ethersproject/properties" "^5.4.0"

"@ethersproject/bignumber@5.4.1", "@ethersproject/bignumber@^5.4.0":
  version "5.4.1"
  resolved "https://registry.yarnpkg.com/@ethersproject/bignumber/-/bignumber-5.4.1.tgz#64399d3b9ae80aa83d483e550ba57ea062c1042d"
  integrity sha512-fJhdxqoQNuDOk6epfM7yD6J8Pol4NUCy1vkaGAkuujZm0+lNow//MKu1hLhRiYV4BsOHyBv5/lsTjF+7hWwhJg==
  dependencies:
    "@ethersproject/bytes" "^5.4.0"
    "@ethersproject/logger" "^5.4.0"
    bn.js "^4.11.9"

"@ethersproject/bytes@5.4.0", "@ethersproject/bytes@^5.4.0":
  version "5.4.0"
  resolved "https://registry.yarnpkg.com/@ethersproject/bytes/-/bytes-5.4.0.tgz#56fa32ce3bf67153756dbaefda921d1d4774404e"
  integrity sha512-H60ceqgTHbhzOj4uRc/83SCN9d+BSUnOkrr2intevqdtEMO1JFVZ1XL84OEZV+QjV36OaZYxtnt4lGmxcGsPfA==
  dependencies:
    "@ethersproject/logger" "^5.4.0"

"@ethersproject/constants@5.4.0", "@ethersproject/constants@^5.4.0":
  version "5.4.0"
  resolved "https://registry.yarnpkg.com/@ethersproject/constants/-/constants-5.4.0.tgz#ee0bdcb30bf1b532d2353c977bf2ef1ee117958a"
  integrity sha512-tzjn6S7sj9+DIIeKTJLjK9WGN2Tj0P++Z8ONEIlZjyoTkBuODN+0VfhAyYksKi43l1Sx9tX2VlFfzjfmr5Wl3Q==
  dependencies:
    "@ethersproject/bignumber" "^5.4.0"

"@ethersproject/contracts@5.4.1":
  version "5.4.1"
  resolved "https://registry.yarnpkg.com/@ethersproject/contracts/-/contracts-5.4.1.tgz#3eb4f35b7fe60a962a75804ada2746494df3e470"
  integrity sha512-m+z2ZgPy4pyR15Je//dUaymRUZq5MtDajF6GwFbGAVmKz/RF+DNIPwF0k5qEcL3wPGVqUjFg2/krlCRVTU4T5w==
  dependencies:
    "@ethersproject/abi" "^5.4.0"
    "@ethersproject/abstract-provider" "^5.4.0"
    "@ethersproject/abstract-signer" "^5.4.0"
    "@ethersproject/address" "^5.4.0"
    "@ethersproject/bignumber" "^5.4.0"
    "@ethersproject/bytes" "^5.4.0"
    "@ethersproject/constants" "^5.4.0"
    "@ethersproject/logger" "^5.4.0"
    "@ethersproject/properties" "^5.4.0"
    "@ethersproject/transactions" "^5.4.0"

"@ethersproject/hash@5.4.0", "@ethersproject/hash@^5.4.0":
  version "5.4.0"
  resolved "https://registry.yarnpkg.com/@ethersproject/hash/-/hash-5.4.0.tgz#d18a8e927e828e22860a011f39e429d388344ae0"
  integrity sha512-xymAM9tmikKgbktOCjW60Z5sdouiIIurkZUr9oW5NOex5uwxrbsYG09kb5bMcNjlVeJD3yPivTNzViIs1GCbqA==
  dependencies:
    "@ethersproject/abstract-signer" "^5.4.0"
    "@ethersproject/address" "^5.4.0"
    "@ethersproject/bignumber" "^5.4.0"
    "@ethersproject/bytes" "^5.4.0"
    "@ethersproject/keccak256" "^5.4.0"
    "@ethersproject/logger" "^5.4.0"
    "@ethersproject/properties" "^5.4.0"
    "@ethersproject/strings" "^5.4.0"

"@ethersproject/hdnode@5.4.0", "@ethersproject/hdnode@^5.4.0":
  version "5.4.0"
  resolved "https://registry.yarnpkg.com/@ethersproject/hdnode/-/hdnode-5.4.0.tgz#4bc9999b9a12eb5ce80c5faa83114a57e4107cac"
  integrity sha512-pKxdS0KAaeVGfZPp1KOiDLB0jba11tG6OP1u11QnYfb7pXn6IZx0xceqWRr6ygke8+Kw74IpOoSi7/DwANhy8Q==
  dependencies:
    "@ethersproject/abstract-signer" "^5.4.0"
    "@ethersproject/basex" "^5.4.0"
    "@ethersproject/bignumber" "^5.4.0"
    "@ethersproject/bytes" "^5.4.0"
    "@ethersproject/logger" "^5.4.0"
    "@ethersproject/pbkdf2" "^5.4.0"
    "@ethersproject/properties" "^5.4.0"
    "@ethersproject/sha2" "^5.4.0"
    "@ethersproject/signing-key" "^5.4.0"
    "@ethersproject/strings" "^5.4.0"
    "@ethersproject/transactions" "^5.4.0"
    "@ethersproject/wordlists" "^5.4.0"

"@ethersproject/json-wallets@5.4.0", "@ethersproject/json-wallets@^5.4.0":
  version "5.4.0"
  resolved "https://registry.yarnpkg.com/@ethersproject/json-wallets/-/json-wallets-5.4.0.tgz#2583341cfe313fc9856642e8ace3080154145e95"
  integrity sha512-igWcu3fx4aiczrzEHwG1xJZo9l1cFfQOWzTqwRw/xcvxTk58q4f9M7cjh51EKphMHvrJtcezJ1gf1q1AUOfEQQ==
  dependencies:
    "@ethersproject/abstract-signer" "^5.4.0"
    "@ethersproject/address" "^5.4.0"
    "@ethersproject/bytes" "^5.4.0"
    "@ethersproject/hdnode" "^5.4.0"
    "@ethersproject/keccak256" "^5.4.0"
    "@ethersproject/logger" "^5.4.0"
    "@ethersproject/pbkdf2" "^5.4.0"
    "@ethersproject/properties" "^5.4.0"
    "@ethersproject/random" "^5.4.0"
    "@ethersproject/strings" "^5.4.0"
    "@ethersproject/transactions" "^5.4.0"
    aes-js "3.0.0"
    scrypt-js "3.0.1"

"@ethersproject/keccak256@5.4.0", "@ethersproject/keccak256@^5.4.0":
  version "5.4.0"
  resolved "https://registry.yarnpkg.com/@ethersproject/keccak256/-/keccak256-5.4.0.tgz#7143b8eea4976080241d2bd92e3b1f1bf7025318"
  integrity sha512-FBI1plWet+dPUvAzPAeHzRKiPpETQzqSUWR1wXJGHVWi4i8bOSrpC3NwpkPjgeXG7MnugVc1B42VbfnQikyC/A==
  dependencies:
    "@ethersproject/bytes" "^5.4.0"
    js-sha3 "0.5.7"

"@ethersproject/logger@5.4.1", "@ethersproject/logger@^5.4.0":
  version "5.4.1"
  resolved "https://registry.yarnpkg.com/@ethersproject/logger/-/logger-5.4.1.tgz#503bd33683538b923c578c07d1c2c0dd18672054"
  integrity sha512-DZ+bRinnYLPw1yAC64oRl0QyVZj43QeHIhVKfD/+YwSz4wsv1pfwb5SOFjz+r710YEWzU6LrhuSjpSO+6PeE4A==

"@ethersproject/networks@5.4.2", "@ethersproject/networks@^5.4.0":
  version "5.4.2"
  resolved "https://registry.yarnpkg.com/@ethersproject/networks/-/networks-5.4.2.tgz#2247d977626e97e2c3b8ee73cd2457babde0ce35"
  integrity sha512-eekOhvJyBnuibfJnhtK46b8HimBc5+4gqpvd1/H9LEl7Q7/qhsIhM81dI9Fcnjpk3jB1aTy6bj0hz3cifhNeYw==
  dependencies:
    "@ethersproject/logger" "^5.4.0"

"@ethersproject/pbkdf2@5.4.0", "@ethersproject/pbkdf2@^5.4.0":
  version "5.4.0"
  resolved "https://registry.yarnpkg.com/@ethersproject/pbkdf2/-/pbkdf2-5.4.0.tgz#ed88782a67fda1594c22d60d0ca911a9d669641c"
  integrity sha512-x94aIv6tiA04g6BnazZSLoRXqyusawRyZWlUhKip2jvoLpzJuLb//KtMM6PEovE47pMbW+Qe1uw+68ameJjB7g==
  dependencies:
    "@ethersproject/bytes" "^5.4.0"
    "@ethersproject/sha2" "^5.4.0"

"@ethersproject/properties@5.4.1", "@ethersproject/properties@^5.4.0":
  version "5.4.1"
  resolved "https://registry.yarnpkg.com/@ethersproject/properties/-/properties-5.4.1.tgz#9f051f976ce790142c6261ccb7b826eaae1f2f36"
  integrity sha512-cyCGlF8wWlIZyizsj2PpbJ9I7rIlUAfnHYwy/T90pdkSn/NFTa5YWZx2wTJBe9V7dD65dcrrEMisCRUJiq6n3w==
  dependencies:
    "@ethersproject/logger" "^5.4.0"

"@ethersproject/providers@5.4.5":
  version "5.4.5"
  resolved "https://registry.yarnpkg.com/@ethersproject/providers/-/providers-5.4.5.tgz#eb2ea2a743a8115f79604a8157233a3a2c832928"
  integrity sha512-1GkrvkiAw3Fj28cwi1Sqm8ED1RtERtpdXmRfwIBGmqBSN5MoeRUHuwHPppMtbPayPgpFcvD7/Gdc9doO5fGYgw==
  dependencies:
    "@ethersproject/abstract-provider" "^5.4.0"
    "@ethersproject/abstract-signer" "^5.4.0"
    "@ethersproject/address" "^5.4.0"
    "@ethersproject/basex" "^5.4.0"
    "@ethersproject/bignumber" "^5.4.0"
    "@ethersproject/bytes" "^5.4.0"
    "@ethersproject/constants" "^5.4.0"
    "@ethersproject/hash" "^5.4.0"
    "@ethersproject/logger" "^5.4.0"
    "@ethersproject/networks" "^5.4.0"
    "@ethersproject/properties" "^5.4.0"
    "@ethersproject/random" "^5.4.0"
    "@ethersproject/rlp" "^5.4.0"
    "@ethersproject/sha2" "^5.4.0"
    "@ethersproject/strings" "^5.4.0"
    "@ethersproject/transactions" "^5.4.0"
    "@ethersproject/web" "^5.4.0"
    bech32 "1.1.4"
    ws "7.4.6"

"@ethersproject/random@5.4.0", "@ethersproject/random@^5.4.0":
  version "5.4.0"
  resolved "https://registry.yarnpkg.com/@ethersproject/random/-/random-5.4.0.tgz#9cdde60e160d024be39cc16f8de3b9ce39191e16"
  integrity sha512-pnpWNQlf0VAZDEOVp1rsYQosmv2o0ITS/PecNw+mS2/btF8eYdspkN0vIXrCMtkX09EAh9bdk8GoXmFXM1eAKw==
  dependencies:
    "@ethersproject/bytes" "^5.4.0"
    "@ethersproject/logger" "^5.4.0"

"@ethersproject/rlp@5.4.0", "@ethersproject/rlp@^5.4.0":
  version "5.4.0"
  resolved "https://registry.yarnpkg.com/@ethersproject/rlp/-/rlp-5.4.0.tgz#de61afda5ff979454e76d3b3310a6c32ad060931"
  integrity sha512-0I7MZKfi+T5+G8atId9QaQKHRvvasM/kqLyAH4XxBCBchAooH2EX5rL9kYZWwcm3awYV+XC7VF6nLhfeQFKVPg==
  dependencies:
    "@ethersproject/bytes" "^5.4.0"
    "@ethersproject/logger" "^5.4.0"

"@ethersproject/sha2@5.4.0", "@ethersproject/sha2@^5.4.0":
  version "5.4.0"
  resolved "https://registry.yarnpkg.com/@ethersproject/sha2/-/sha2-5.4.0.tgz#c9a8db1037014cbc4e9482bd662f86c090440371"
  integrity sha512-siheo36r1WD7Cy+bDdE1BJ8y0bDtqXCOxRMzPa4bV1TGt/eTUUt03BHoJNB6reWJD8A30E/pdJ8WFkq+/uz4Gg==
  dependencies:
    "@ethersproject/bytes" "^5.4.0"
    "@ethersproject/logger" "^5.4.0"
    hash.js "1.1.7"

"@ethersproject/shims@^5.4.0":
  version "5.4.0"
  resolved "https://registry.yarnpkg.com/@ethersproject/shims/-/shims-5.4.0.tgz#7c243cea96a8ffdbc04bb031cd55e7897431276b"
  integrity sha512-J/M1oudCBPw4T8pBoE8wO65dIJruGBSZ1HyKVSygO3rF95Sq1LasQFEfKNzJl2nJP20ni4eXTNlEdKFKoVxnpw==

"@ethersproject/signing-key@5.4.0", "@ethersproject/signing-key@^5.4.0":
  version "5.4.0"
  resolved "https://registry.yarnpkg.com/@ethersproject/signing-key/-/signing-key-5.4.0.tgz#2f05120984e81cf89a3d5f6dec5c68ee0894fbec"
  integrity sha512-q8POUeywx6AKg2/jX9qBYZIAmKSB4ubGXdQ88l40hmATj29JnG5pp331nAWwwxPn2Qao4JpWHNZsQN+bPiSW9A==
  dependencies:
    "@ethersproject/bytes" "^5.4.0"
    "@ethersproject/logger" "^5.4.0"
    "@ethersproject/properties" "^5.4.0"
    bn.js "^4.11.9"
    elliptic "6.5.4"
    hash.js "1.1.7"

"@ethersproject/solidity@5.4.0":
  version "5.4.0"
  resolved "https://registry.yarnpkg.com/@ethersproject/solidity/-/solidity-5.4.0.tgz#1305e058ea02dc4891df18b33232b11a14ece9ec"
  integrity sha512-XFQTZ7wFSHOhHcV1DpcWj7VXECEiSrBuv7JErJvB9Uo+KfCdc3QtUZV+Vjh/AAaYgezUEKbCtE6Khjm44seevQ==
  dependencies:
    "@ethersproject/bignumber" "^5.4.0"
    "@ethersproject/bytes" "^5.4.0"
    "@ethersproject/keccak256" "^5.4.0"
    "@ethersproject/sha2" "^5.4.0"
    "@ethersproject/strings" "^5.4.0"

"@ethersproject/strings@5.4.0", "@ethersproject/strings@^5.4.0":
  version "5.4.0"
  resolved "https://registry.yarnpkg.com/@ethersproject/strings/-/strings-5.4.0.tgz#fb12270132dd84b02906a8d895ae7e7fa3d07d9a"
  integrity sha512-k/9DkH5UGDhv7aReXLluFG5ExurwtIpUfnDNhQA29w896Dw3i4uDTz01Quaptbks1Uj9kI8wo9tmW73wcIEaWA==
  dependencies:
    "@ethersproject/bytes" "^5.4.0"
    "@ethersproject/constants" "^5.4.0"
    "@ethersproject/logger" "^5.4.0"

"@ethersproject/transactions@5.4.0", "@ethersproject/transactions@^5.4.0":
  version "5.4.0"
  resolved "https://registry.yarnpkg.com/@ethersproject/transactions/-/transactions-5.4.0.tgz#a159d035179334bd92f340ce0f77e83e9e1522e0"
  integrity sha512-s3EjZZt7xa4BkLknJZ98QGoIza94rVjaEed0rzZ/jB9WrIuu/1+tjvYCWzVrystXtDswy7TPBeIepyXwSYa4WQ==
  dependencies:
    "@ethersproject/address" "^5.4.0"
    "@ethersproject/bignumber" "^5.4.0"
    "@ethersproject/bytes" "^5.4.0"
    "@ethersproject/constants" "^5.4.0"
    "@ethersproject/keccak256" "^5.4.0"
    "@ethersproject/logger" "^5.4.0"
    "@ethersproject/properties" "^5.4.0"
    "@ethersproject/rlp" "^5.4.0"
    "@ethersproject/signing-key" "^5.4.0"

"@ethersproject/units@5.4.0":
  version "5.4.0"
  resolved "https://registry.yarnpkg.com/@ethersproject/units/-/units-5.4.0.tgz#d57477a4498b14b88b10396062c8cbbaf20c79fe"
  integrity sha512-Z88krX40KCp+JqPCP5oPv5p750g+uU6gopDYRTBGcDvOASh6qhiEYCRatuM/suC4S2XW9Zz90QI35MfSrTIaFg==
  dependencies:
    "@ethersproject/bignumber" "^5.4.0"
    "@ethersproject/constants" "^5.4.0"
    "@ethersproject/logger" "^5.4.0"

"@ethersproject/wallet@5.4.0":
  version "5.4.0"
  resolved "https://registry.yarnpkg.com/@ethersproject/wallet/-/wallet-5.4.0.tgz#fa5b59830b42e9be56eadd45a16a2e0933ad9353"
  integrity sha512-wU29majLjM6AjCjpat21mPPviG+EpK7wY1+jzKD0fg3ui5fgedf2zEu1RDgpfIMsfn8fJHJuzM4zXZ2+hSHaSQ==
  dependencies:
    "@ethersproject/abstract-provider" "^5.4.0"
    "@ethersproject/abstract-signer" "^5.4.0"
    "@ethersproject/address" "^5.4.0"
    "@ethersproject/bignumber" "^5.4.0"
    "@ethersproject/bytes" "^5.4.0"
    "@ethersproject/hash" "^5.4.0"
    "@ethersproject/hdnode" "^5.4.0"
    "@ethersproject/json-wallets" "^5.4.0"
    "@ethersproject/keccak256" "^5.4.0"
    "@ethersproject/logger" "^5.4.0"
    "@ethersproject/properties" "^5.4.0"
    "@ethersproject/random" "^5.4.0"
    "@ethersproject/signing-key" "^5.4.0"
    "@ethersproject/transactions" "^5.4.0"
    "@ethersproject/wordlists" "^5.4.0"

"@ethersproject/web@5.4.0", "@ethersproject/web@^5.4.0":
  version "5.4.0"
  resolved "https://registry.yarnpkg.com/@ethersproject/web/-/web-5.4.0.tgz#49fac173b96992334ed36a175538ba07a7413d1f"
  integrity sha512-1bUusGmcoRLYgMn6c1BLk1tOKUIFuTg8j+6N8lYlbMpDesnle+i3pGSagGNvwjaiLo4Y5gBibwctpPRmjrh4Og==
  dependencies:
    "@ethersproject/base64" "^5.4.0"
    "@ethersproject/bytes" "^5.4.0"
    "@ethersproject/logger" "^5.4.0"
    "@ethersproject/properties" "^5.4.0"
    "@ethersproject/strings" "^5.4.0"

"@ethersproject/wordlists@5.4.0", "@ethersproject/wordlists@^5.4.0":
  version "5.4.0"
  resolved "https://registry.yarnpkg.com/@ethersproject/wordlists/-/wordlists-5.4.0.tgz#f34205ec3bbc9e2c49cadaee774cf0b07e7573d7"
  integrity sha512-FemEkf6a+EBKEPxlzeVgUaVSodU7G0Na89jqKjmWMlDB0tomoU8RlEMgUvXyqtrg8N4cwpLh8nyRnm1Nay1isA==
  dependencies:
    "@ethersproject/bytes" "^5.4.0"
    "@ethersproject/hash" "^5.4.0"
    "@ethersproject/logger" "^5.4.0"
    "@ethersproject/properties" "^5.4.0"
    "@ethersproject/strings" "^5.4.0"

"@react-native-community/async-storage@^1.12.1":
  version "1.12.1"
  resolved "https://registry.yarnpkg.com/@react-native-community/async-storage/-/async-storage-1.12.1.tgz#25f821b4f6b13abe005ad67e47c6f1cee9f27b24"
  integrity sha512-70WGaH3PKYASi4BThuEEKMkyAgE9k7VytBqmgPRx3MzJx9/MkspwqJGmn3QLCgHLIFUgF1pit2mWICbRJ3T3lg==
  dependencies:
    deep-assign "^3.0.0"

"@sphereon/rn-jsonld-signatures@9.3.1-0":
  version "9.3.1-0"
  resolved "https://registry.yarnpkg.com/@sphereon/rn-jsonld-signatures/-/rn-jsonld-signatures-9.3.1-0.tgz#b777d0e4145964faf4df5118427c1980217de332"
  integrity sha512-810GN52MlVXlLYPak22bnGc0Zq2fKa9MwW3tjTff8SsEzal3lhIReT4mmWvdPZdZ0uJiBhwORbQjjb5hByKsjw==
  dependencies:
    "@sphereon/w3c-security-contexts" "0.2.0"
    crypto-ld "^3.7.0"
    jsonld "^5.0.0"
    node-forge "^0.9.1"
    serialize-error "^8.0.1"
    sodium-javascript "^0.6.1"

"@sphereon/rn-vc-js@^1.0.1-0":
  version "1.0.1-0"
  resolved "https://registry.yarnpkg.com/@sphereon/rn-vc-js/-/rn-vc-js-1.0.1-0.tgz#38fcdf3017d8af6b385878ec966d864e686c4031"
  integrity sha512-eam/1mODtl/QyLOfa+er2xigUC0Mry8V2v5rN/lKEt7U8CiroNDHf61DZhBtLnd3/VYcfuJOV9e+d7UVddYSyA==
  dependencies:
    "@sphereon/rn-jsonld-signatures" "9.3.1-0"
    "@sphereon/rn-w3c-credentials-context" "1.0.1-0"
    jsonld "^5.2.0"

"@sphereon/rn-w3c-credentials-context@1.0.1-0":
  version "1.0.1-0"
  resolved "https://registry.yarnpkg.com/@sphereon/rn-w3c-credentials-context/-/rn-w3c-credentials-context-1.0.1-0.tgz#55050cb135bebff6e861d8d3cd0ede14000a0781"
  integrity sha512-xl3gau14+xBj5vIr+YOhsl9x5NqfKYIK2UtqHSNvdZEVSh4RJN3m74ySsRTKepxPuQxq/SEbQx8vHEOQiU2l7A==

"@sphereon/w3c-security-contexts@0.2.0":
  version "0.2.0"
  resolved "https://registry.yarnpkg.com/@sphereon/w3c-security-contexts/-/w3c-security-contexts-0.2.0.tgz#d621856f13b48f03d0d2efba7bd4680d4a458f02"
  integrity sha512-3BO2q+Q+sVc3C/gScO6nLuJ6xMWTYyY0qLx0EbmtclTEkhKaAQIuN5o5mLX5bey0ANJ7/rpeU11wAGQN5UwLIA==

"@stablelib/binary@^1.0.1":
  version "1.0.1"
  resolved "https://registry.yarnpkg.com/@stablelib/binary/-/binary-1.0.1.tgz#c5900b94368baf00f811da5bdb1610963dfddf7f"
  integrity sha512-ClJWvmL6UBM/wjkvv/7m5VP3GMr9t0osr4yVgLZsLCOz4hGN9gIAFEqnJ0TsSMAN+n840nf2cHZnA5/KFqHC7Q==
  dependencies:
    "@stablelib/int" "^1.0.1"

"@stablelib/ed25519@^1.0.1":
  version "1.0.2"
  resolved "https://registry.yarnpkg.com/@stablelib/ed25519/-/ed25519-1.0.2.tgz#937a88a2f73a71d9bdc3ea276efe8954776ae0f4"
  integrity sha512-FtnvUwvKbp6l1dNcg4CswMAVFVu/nzLK3oC7/PRtjYyHbWsIkD8j+5cjXHmwcCpdCpRCaTGACkEhhMQ1RcdSOQ==
  dependencies:
    "@stablelib/random" "^1.0.1"
    "@stablelib/sha512" "^1.0.1"
    "@stablelib/wipe" "^1.0.1"

"@stablelib/hash@^1.0.1":
  version "1.0.1"
  resolved "https://registry.yarnpkg.com/@stablelib/hash/-/hash-1.0.1.tgz#3c944403ff2239fad8ebb9015e33e98444058bc5"
  integrity sha512-eTPJc/stDkdtOcrNMZ6mcMK1e6yBbqRBaNW55XA1jU8w/7QdnCF0CmMmOD1m7VSkBR44PWrMHU2l6r8YEQHMgg==

"@stablelib/int@^1.0.1":
  version "1.0.1"
  resolved "https://registry.yarnpkg.com/@stablelib/int/-/int-1.0.1.tgz#75928cc25d59d73d75ae361f02128588c15fd008"
  integrity sha512-byr69X/sDtDiIjIV6m4roLVWnNNlRGzsvxw+agj8CIEazqWGOQp2dTYgQhtyVXV9wpO6WyXRQUzLV/JRNumT2w==

"@stablelib/random@^1.0.1":
  version "1.0.1"
  resolved "https://registry.yarnpkg.com/@stablelib/random/-/random-1.0.1.tgz#4357a00cb1249d484a9a71e6054bc7b8324a7009"
  integrity sha512-zOh+JHX3XG9MSfIB0LZl/YwPP9w3o6WBiJkZvjPoKKu5LKFW4OLV71vMxWp9qG5T43NaWyn0QQTWgqCdO+yOBQ==
  dependencies:
    "@stablelib/binary" "^1.0.1"
    "@stablelib/wipe" "^1.0.1"

"@stablelib/sha512@^1.0.1":
  version "1.0.1"
  resolved "https://registry.yarnpkg.com/@stablelib/sha512/-/sha512-1.0.1.tgz#6da700c901c2c0ceacbd3ae122a38ac57c72145f"
  integrity sha512-13gl/iawHV9zvDKciLo1fQ8Bgn2Pvf7OV6amaRVKiq3pjQ3UmEpXxWiAfV8tYjUpeZroBxtyrwtdooQT/i3hzw==
  dependencies:
    "@stablelib/binary" "^1.0.1"
    "@stablelib/hash" "^1.0.1"
    "@stablelib/wipe" "^1.0.1"

"@stablelib/wipe@^1.0.1":
  version "1.0.1"
  resolved "https://registry.yarnpkg.com/@stablelib/wipe/-/wipe-1.0.1.tgz#d21401f1d59ade56a62e139462a97f104ed19a36"
  integrity sha512-WfqfX/eXGiAd3RJe4VU2snh/ZPwtSjLG4ynQ/vYzvghTh7dHFcI1wl+nrkWG6lGhukOxOsUHfv8dUXr58D0ayg==

"@types/uuid@^8.3.1":
  version "8.3.1"
  resolved "https://registry.yarnpkg.com/@types/uuid/-/uuid-8.3.1.tgz#1a32969cf8f0364b3d8c8af9cc3555b7805df14f"
  integrity sha512-Y2mHTRAbqfFkpjldbkHGY8JIzRN6XqYRliG8/24FcHm2D2PwW24fl5xMRTVGdrb7iMrwCaIEbLWerGIkXuFWVg==

abort-controller@^3.0.0:
  version "3.0.0"
  resolved "https://registry.yarnpkg.com/abort-controller/-/abort-controller-3.0.0.tgz#eaf54d53b62bae4138e809ca225c8439a6efb392"
  integrity sha512-h8lQ8tacZYnR3vNQTgibj+tODHI5/+l06Au2Pcriv/Gmet0eaj4TwWH41sO9wnHDiQsEj19q0drzdWdeAHtweg==
  dependencies:
    event-target-shim "^5.0.0"

aes-js@3.0.0:
  version "3.0.0"
  resolved "https://registry.yarnpkg.com/aes-js/-/aes-js-3.0.0.tgz#e21df10ad6c2053295bcbb8dab40b09dbea87e4d"
  integrity sha1-4h3xCtbCBTKVvLuNq0Cwnb6ofk0=

base-x@^3.0.2:
  version "3.0.8"
  resolved "https://registry.yarnpkg.com/base-x/-/base-x-3.0.8.tgz#1e1106c2537f0162e8b52474a557ebb09000018d"
  integrity sha512-Rl/1AWP4J/zRrk54hhlxH4drNxPJXYUaKffODVI53/dAsV4t9fBxyxYKAVPU1XBHxYwOWP9h9H0hM2MVw4YfJA==
  dependencies:
    safe-buffer "^5.0.1"

base58-universal@^1.0.0:
  version "1.0.0"
  resolved "https://registry.yarnpkg.com/base58-universal/-/base58-universal-1.0.0.tgz#6da5b89c2c9be8fc40bcf6b3a5a03f123ad3825e"
  integrity sha512-v0Ja4jwaQP8gBZPNXpfaXlLht2ed/Gp3AsVUZXtlZgY1qbKS0CjxvYs43U0Gh00zbVc1neMe+q/ULJ7ubVyB+w==
  dependencies:
    esm "^3.2.25"

base64url-universal@^1.0.1:
  version "1.1.0"
  resolved "https://registry.yarnpkg.com/base64url-universal/-/base64url-universal-1.1.0.tgz#94da6356c1d43ead55b1d91c045c0a5b09ec8181"
  integrity sha512-WyftvZqye29YQ10ZnuiBeEj0lk8SN8xHU9hOznkLc85wS1cLTp6RpzlMrHxMPD9nH7S55gsBqMqgGyz93rqmkA==
  dependencies:
    base64url "^3.0.0"

base64url@^3.0.0, base64url@^3.0.1:
  version "3.0.1"
  resolved "https://registry.yarnpkg.com/base64url/-/base64url-3.0.1.tgz#6399d572e2bc3f90a9a8b22d5dbb0a32d33f788d"
  integrity sha512-ir1UPr3dkwexU7FdV8qBBbNDRUhMmIekYMFZfi+C/sLNnRESKPl23nB9b2pltqfOQNnGzsDdId90AEtG5tCx4A==

bech32@1.1.4:
  version "1.1.4"
  resolved "https://registry.yarnpkg.com/bech32/-/bech32-1.1.4.tgz#e38c9f37bf179b8eb16ae3a772b40c356d4832e9"
  integrity sha512-s0IrSOzLlbvX7yp4WBfPITzpAU8sqQcpsmwXDiKwrG4r491vwCO/XpejasRNl0piBMe/DvP4Tz0mIS/X1DPJBQ==

blake2b-wasm@^1.1.0:
  version "1.1.7"
  resolved "https://registry.yarnpkg.com/blake2b-wasm/-/blake2b-wasm-1.1.7.tgz#e4d075da10068e5d4c3ec1fb9accc4d186c55d81"
  integrity sha512-oFIHvXhlz/DUgF0kq5B1CqxIDjIJwh9iDeUUGQUcvgiGz7Wdw03McEO7CfLBy7QKGdsydcMCgO9jFNBAFCtFcA==
  dependencies:
    nanoassert "^1.0.0"

blake2b@^2.1.1:
  version "2.1.3"
  resolved "https://registry.yarnpkg.com/blake2b/-/blake2b-2.1.3.tgz#f5388be424768e7c6327025dad0c3c6d83351bca"
  integrity sha512-pkDss4xFVbMb4270aCyGD3qLv92314Et+FsKzilCLxDz5DuZ2/1g3w4nmBbu6nKApPspnjG7JcwTjGZnduB1yg==
  dependencies:
    blake2b-wasm "^1.1.0"
    nanoassert "^1.0.0"

bn.js@5.2.0:
  version "5.2.0"
  resolved "https://registry.yarnpkg.com/bn.js/-/bn.js-5.2.0.tgz#358860674396c6997771a9d051fcc1b57d4ae002"
  integrity sha512-D7iWRBvnZE8ecXiLj/9wbxH7Tk79fAh8IHaTNq1RWRixsS02W+5qS+iE9yq6RYl0asXx5tw0bLhmT5pIfbSquw==

bn.js@^4.11.9:
  version "4.12.0"
  resolved "https://registry.yarnpkg.com/bn.js/-/bn.js-4.12.0.tgz#775b3f278efbb9718eec7361f483fb36fbbfea88"
  integrity sha512-c98Bf3tPniI+scsdk237ku1Dc3ujXQTSgyiPUDEOe7tRkhrqridvh8klBv0HCEso1OLOYcHuCv/cS6DNxKH+ZA==

brorand@^1.1.0:
  version "1.1.0"
  resolved "https://registry.yarnpkg.com/brorand/-/brorand-1.1.0.tgz#12c25efe40a45e3c323eb8675a0a0ce57b22371f"
  integrity sha1-EsJe/kCkXjwyPrhnWgoM5XsiNx8=

bs58@^4.0.1:
  version "4.0.1"
  resolved "https://registry.yarnpkg.com/bs58/-/bs58-4.0.1.tgz#be161e76c354f6f788ae4071f63f34e8c4f0a42a"
  integrity sha1-vhYedsNU9veIrkBx9j806MTwpCo=
  dependencies:
    base-x "^3.0.2"

canonicalize@^1.0.1:
  version "1.0.5"
  resolved "https://registry.yarnpkg.com/canonicalize/-/canonicalize-1.0.5.tgz#b43b390ce981d397908bb847c3a8d9614323a47b"
  integrity sha512-mAjKJPIyP0xqqv6IAkvso07StOmz6cmGtNDg3pXCSzXVZOqka7StIkAhJl/zHOi4M2CgpYfD6aeRWbnrmtvBEA==

chacha20-universal@^1.0.4:
  version "1.0.4"
  resolved "https://registry.yarnpkg.com/chacha20-universal/-/chacha20-universal-1.0.4.tgz#e8a33a386500b1ce5361b811ec5e81f1797883f5"
  integrity sha512-/IOxdWWNa7nRabfe7+oF+jVkGjlr2xUL4J8l/OvzZhj+c9RpMqoo3Dq+5nU1j/BflRV4BKnaQ4+4oH1yBpQG1Q==
  dependencies:
    nanoassert "^2.0.0"

crypto-ld@^3.7.0:
  version "3.9.0"
  resolved "https://registry.yarnpkg.com/crypto-ld/-/crypto-ld-3.9.0.tgz#4f42849a143b5d65f28b018d80bc0fee6cd37ba8"
  integrity sha512-PFE7V6A2QNnUp6iiPVEZI4p8wsztkEWLbY1BAXVnclm/aw4KGwpJ+1Ds4vQUCJ5BsWxj15fwE5rHQ8AWaWB2nw==
  dependencies:
    base64url-universal "^1.0.1"
    bs58 "^4.0.1"
    node-forge "~0.10.0"
    semver "^6.2.0"
  optionalDependencies:
    sodium-native "^3.2.0"

crypto-ld@^5.1.0:
  version "5.1.0"
  resolved "https://registry.yarnpkg.com/crypto-ld/-/crypto-ld-5.1.0.tgz#fbc1344c553f10aa1bcfc9d94c8c161a56c07150"
  integrity sha512-Dy1QoQzj+2K6UlGZ9l34cPp+g/YHOd+r3/DXXQTnnz5btGb0vqDlkZBn+icYmwntEmW0bvGVwFWvcwZSbk1EEQ==

data-uri-to-buffer@^3.0.1:
  version "3.0.1"
  resolved "https://registry.yarnpkg.com/data-uri-to-buffer/-/data-uri-to-buffer-3.0.1.tgz#594b8973938c5bc2c33046535785341abc4f3636"
  integrity sha512-WboRycPNsVw3B3TL559F7kuBUM4d8CgMEvk6xEJlOp7OBPjt6G7z8WMWlD2rOFZLk6OYfFIUGsCOWzcQH9K2og==

deep-assign@^3.0.0:
  version "3.0.0"
  resolved "https://registry.yarnpkg.com/deep-assign/-/deep-assign-3.0.0.tgz#c8e4c4d401cba25550a2f0f486a2e75bc5f219a2"
  integrity sha512-YX2i9XjJ7h5q/aQ/IM9PEwEnDqETAIYbggmdDB3HLTlSgo1CxPsj6pvhPG68rq6SVE0+p+6Ywsm5fTYNrYtBWw==
  dependencies:
    is-obj "^1.0.0"

did-resolver@^3.1.0:
  version "3.1.0"
  resolved "https://registry.yarnpkg.com/did-resolver/-/did-resolver-3.1.0.tgz#84f0e3d16abe9711dc04c34a5a0e2f63868c9611"
  integrity sha512-uf3/4LfHoDn3Ek8bFegO72OemHMytBhAkud6CA1HlB5I0iVwrCpG4oh+DA6DXUuBdhrA0cY4cGz1D0VNDTlgnw==

ed25519-signature-2018-context@^1.1.0:
  version "1.1.0"
  resolved "https://registry.yarnpkg.com/ed25519-signature-2018-context/-/ed25519-signature-2018-context-1.1.0.tgz#68002ea7497c32e8170667cfd67468dedf7d220e"
  integrity sha512-ppDWYMNwwp9bploq0fS4l048vHIq41nWsAbPq6H4mNVx9G/GxW3fwg4Ln0mqctP13MoEpREK7Biz8TbVVdYXqA==

ed25519-signature-2020-context@^1.0.1:
  version "1.1.0"
  resolved "https://registry.yarnpkg.com/ed25519-signature-2020-context/-/ed25519-signature-2020-context-1.1.0.tgz#b2f724f07db154ddf0fd6605410d88736e56fd07"
  integrity sha512-dBGSmoUIK6h2vadDctrDnhhTO01PR2hJk0mRNEfrRDPCjaIwrfy4J+eziEQ9Q1m8By4f/CSRgKM1h53ydKfdNg==

elliptic@6.5.4:
  version "6.5.4"
  resolved "https://registry.yarnpkg.com/elliptic/-/elliptic-6.5.4.tgz#da37cebd31e79a1367e941b592ed1fbebd58abbb"
  integrity sha512-iLhC6ULemrljPZb+QutR5TQGB+pdW6KGD5RSegS+8sorOZT+rdQFbsQFJgvN3eRqNALqJer4oQ16YvJHlU8hzQ==
  dependencies:
    bn.js "^4.11.9"
    brorand "^1.1.0"
    hash.js "^1.0.0"
    hmac-drbg "^1.0.1"
    inherits "^2.0.4"
    minimalistic-assert "^1.0.1"
    minimalistic-crypto-utils "^1.0.1"

eosio-did-resolver@^0.1.4:
  version "0.1.6"
  resolved "https://registry.yarnpkg.com/eosio-did-resolver/-/eosio-did-resolver-0.1.6.tgz#943ca57480d06f54711930a2295cecbeb846bdb5"
  integrity sha512-egumXgc1Yz8o+ontH5iaSmMRUO6A2BL6YsKnlLZtUZxqE0Cp5MOtm9rifSL3NhJM0Xri+8pNpDJyKSnWCDYiaQ==
  dependencies:
    base64url "^3.0.1"
    eosjs "^21.0.4"

eosio-did@^0.1.2:
  version "0.1.2"
  resolved "https://registry.yarnpkg.com/eosio-did/-/eosio-did-0.1.2.tgz#0807fa4b51d0270591890abea837e36e98ddf3d2"
  integrity sha512-+fhWurIG5RkFsPIAWGB4lhXodEZ0WV3e+0MGR/tHUXLkhSOKrnjWatd0BAfTxUFFajo8Q2uglUE3p8aNPmC5Ww==
  dependencies:
    did-resolver "^3.1.0"
    eosio-did-resolver "^0.1.4"
    eosjs "^22.0.0"
    node-fetch "^2.6.1"

eosjs@^21.0.4:
  version "21.0.4"
  resolved "https://registry.yarnpkg.com/eosjs/-/eosjs-21.0.4.tgz#67794a9fbc3c7659de19a7926c2c13cce4515571"
  integrity sha512-XbuIoidplA1hHIejy7VQ+hmBfC6T28kYFaQMsn6G1DMTg1CFwUzxwzUvZg/dGNPuf7hgPxOpaQvAUsdidTgGhQ==
  dependencies:
    bn.js "5.2.0"
    elliptic "6.5.4"
    hash.js "1.1.7"
    pako "2.0.3"

eosjs@^22.0.0:
  version "22.1.0"
  resolved "https://registry.yarnpkg.com/eosjs/-/eosjs-22.1.0.tgz#7ac40e2f1f959fab70539c30ac8ae46c9038aa3c"
  integrity sha512-Ka8KO7akC3RxNdSg/3dkGWuUWUQESTzSUzQljBdVP16UG548vmQoBqSGnZdnjlZyfcab8VOu2iEt+JjyfYc5+A==
  dependencies:
    bn.js "5.2.0"
    elliptic "6.5.4"
    hash.js "1.1.7"
    pako "2.0.3"

esm@^3.2.22, esm@^3.2.25:
  version "3.2.25"
  resolved "https://registry.yarnpkg.com/esm/-/esm-3.2.25.tgz#342c18c29d56157688ba5ce31f8431fbb795cc10"
  integrity sha512-U1suiZ2oDVWv4zPO56S0NcR5QriEahGtdN2OR6FiOG4WJvcjBVFB0qI4+eKoWFH483PKGuLuu6V8Z4T5g63UVA==

ethers@^5.4.6:
  version "5.4.6"
  resolved "https://registry.yarnpkg.com/ethers/-/ethers-5.4.6.tgz#fe0a023956b5502c947f58e82fbcf9a73e5e75b6"
  integrity sha512-F7LXARyB/Px3AQC6/QKedWZ8eqCkgOLORqL4B/F0Mag/K+qJSFGqsR36EaOZ6fKg3ZonI+pdbhb4A8Knt/43jQ==
  dependencies:
    "@ethersproject/abi" "5.4.1"
    "@ethersproject/abstract-provider" "5.4.1"
    "@ethersproject/abstract-signer" "5.4.1"
    "@ethersproject/address" "5.4.0"
    "@ethersproject/base64" "5.4.0"
    "@ethersproject/basex" "5.4.0"
    "@ethersproject/bignumber" "5.4.1"
    "@ethersproject/bytes" "5.4.0"
    "@ethersproject/constants" "5.4.0"
    "@ethersproject/contracts" "5.4.1"
    "@ethersproject/hash" "5.4.0"
    "@ethersproject/hdnode" "5.4.0"
    "@ethersproject/json-wallets" "5.4.0"
    "@ethersproject/keccak256" "5.4.0"
    "@ethersproject/logger" "5.4.1"
    "@ethersproject/networks" "5.4.2"
    "@ethersproject/pbkdf2" "5.4.0"
    "@ethersproject/properties" "5.4.1"
    "@ethersproject/providers" "5.4.5"
    "@ethersproject/random" "5.4.0"
    "@ethersproject/rlp" "5.4.0"
    "@ethersproject/sha2" "5.4.0"
    "@ethersproject/signing-key" "5.4.0"
    "@ethersproject/solidity" "5.4.0"
    "@ethersproject/strings" "5.4.0"
    "@ethersproject/transactions" "5.4.0"
    "@ethersproject/units" "5.4.0"
    "@ethersproject/wallet" "5.4.0"
    "@ethersproject/web" "5.4.0"
    "@ethersproject/wordlists" "5.4.0"

event-target-shim@^5.0.0:
  version "5.0.1"
  resolved "https://registry.yarnpkg.com/event-target-shim/-/event-target-shim-5.0.1.tgz#5d4d3ebdf9583d63a5333ce2deb7480ab2b05789"
  integrity sha512-i/2XbnSz/uxRCU6+NdVJgKWDTM427+MqYbkQzD321DuCQJUqOuJKIA0IM2+W2xtYHdKOmZ4dR6fExsd4SXL+WQ==

fast-base64-decode@^1.0.0:
  version "1.0.0"
  resolved "https://registry.yarnpkg.com/fast-base64-decode/-/fast-base64-decode-1.0.0.tgz#b434a0dd7d92b12b43f26819300d2dafb83ee418"
  integrity sha512-qwaScUgUGBYeDNRnbc/KyllVU88Jk1pRHPStuF/lO7B0/RTRLj7U0lkdTAutlBblY08rwZDff6tNU9cjv6j//Q==

fetch-blob@^2.1.1:
  version "2.1.2"
  resolved "https://registry.yarnpkg.com/fetch-blob/-/fetch-blob-2.1.2.tgz#a7805db1361bd44c1ef62bb57fb5fe8ea173ef3c"
  integrity sha512-YKqtUDwqLyfyMnmbw8XD6Q8j9i/HggKtPEI+pZ1+8bvheBu78biSmNaXWusx1TauGqtUUGx/cBb1mKdq2rLYow==

hash.js@1.1.7, hash.js@^1.0.0, hash.js@^1.0.3:
  version "1.1.7"
  resolved "https://registry.yarnpkg.com/hash.js/-/hash.js-1.1.7.tgz#0babca538e8d4ee4a0f8988d68866537a003cf42"
  integrity sha512-taOaskGt4z4SOANNseOviYDvjEJinIkRgmp7LbKP2YTTmVxWBl87s/uzK9r+44BclBSp2X7K1hqeNfz9JbBeXA==
  dependencies:
    inherits "^2.0.3"
    minimalistic-assert "^1.0.1"

hmac-drbg@^1.0.1:
  version "1.0.1"
  resolved "https://registry.yarnpkg.com/hmac-drbg/-/hmac-drbg-1.0.1.tgz#d2745701025a6c775a6c545793ed502fc0c649a1"
  integrity sha1-0nRXAQJabHdabFRXk+1QL8DGSaE=
  dependencies:
    hash.js "^1.0.3"
    minimalistic-assert "^1.0.0"
    minimalistic-crypto-utils "^1.0.1"

inherits@^2.0.3, inherits@^2.0.4:
  version "2.0.4"
  resolved "https://registry.yarnpkg.com/inherits/-/inherits-2.0.4.tgz#0fa2c64f932917c3433a0ded55363aae37416b7c"
  integrity sha512-k/vGaX4/Yla3WzyMCvTQOXYeIHvqOKtnqBduzTHpzpQZzAskKMhZ2K+EnBiSM9zGSoIFeMpXKxa4dYeZIQqewQ==

ini@^1.3.5:
  version "1.3.8"
  resolved "https://registry.yarnpkg.com/ini/-/ini-1.3.8.tgz#a29da425b48806f34767a4efce397269af28432c"
  integrity sha512-JV/yugV2uzW5iMRSiZAyDtQd+nxtUnjeLt0acNdw98kKLrvuRVyB80tsREOE7yvGVgalhZ6RNXCmEHkUKBKxew==

is-obj@^1.0.0:
  version "1.0.1"
  resolved "https://registry.yarnpkg.com/is-obj/-/is-obj-1.0.1.tgz#3e4729ac1f5fde025cd7d83a896dab9f4f67db0f"
  integrity sha1-PkcprB9f3gJc19g6iW2rn09n2w8=

js-sha3@0.5.7:
  version "0.5.7"
  resolved "https://registry.yarnpkg.com/js-sha3/-/js-sha3-0.5.7.tgz#0d4ffd8002d5333aabaf4a23eed2f6374c9f28e7"
  integrity sha1-DU/9gALVMzqrr0oj7tL2N0yfKOc=

jsonld-signatures@^9.0.1:
  version "9.3.0"
  resolved "https://registry.yarnpkg.com/jsonld-signatures/-/jsonld-signatures-9.3.0.tgz#4da0ac56c14ece9e0bf1dc02bdf419aabd5f5ce1"
  integrity sha512-I52f8AmCoaUuM7gbFUGu9Ir3odGWOmQPlNPE/VYbiRrC3UfIRig0hYhNFkcVhe0ZXsE5L0if6Fo5SutKFqs3uQ==
  dependencies:
    jsonld "^5.0.0"
    security-context "^4.0.0"
    serialize-error "^8.0.1"

jsonld@^5.0.0, jsonld@^5.2.0:
  version "5.2.0"
  resolved "https://registry.yarnpkg.com/jsonld/-/jsonld-5.2.0.tgz#d1e8af38a334cb95edf0f2ae4e2b58baf8d2b5a9"
  integrity sha512-JymgT6Xzk5CHEmHuEyvoTNviEPxv6ihLWSPu1gFdtjSAyM6cFqNrv02yS/SIur3BBIkCf0HjizRc24d8/FfQKw==
  dependencies:
    "@digitalbazaar/http-client" "^1.1.0"
    canonicalize "^1.0.1"
    lru-cache "^6.0.0"
    rdf-canonize "^3.0.0"

ky-universal@^0.8.2:
  version "0.8.2"
  resolved "https://registry.yarnpkg.com/ky-universal/-/ky-universal-0.8.2.tgz#edc398d54cf495d7d6830aa1ab69559a3cc7f824"
  integrity sha512-xe0JaOH9QeYxdyGLnzUOVGK4Z6FGvDVzcXFTdrYA1f33MZdEa45sUDaMBy98xQMcsd2XIBrTXRrRYnegcSdgVQ==
  dependencies:
    abort-controller "^3.0.0"
    node-fetch "3.0.0-beta.9"

ky@^0.25.1:
  version "0.25.1"
  resolved "https://registry.yarnpkg.com/ky/-/ky-0.25.1.tgz#0df0bd872a9cc57e31acd5dbc1443547c881bfbc"
  integrity sha512-PjpCEWlIU7VpiMVrTwssahkYXX1by6NCT0fhTUX34F3DTinARlgMpriuroolugFPcMgpPWrOW4mTb984Qm1RXA==

lru-cache@^6.0.0:
  version "6.0.0"
  resolved "https://registry.yarnpkg.com/lru-cache/-/lru-cache-6.0.0.tgz#6d6fe6570ebd96aaf90fcad1dafa3b2566db3a94"
  integrity sha512-Jo6dJ04CmSjuznwJSS3pUeWmd/H0ffTlkXXgwZi+eq1UCmqQwCh+eLsYOYCwY991i2Fah4h1BEMCx4qThGbsiA==
  dependencies:
    yallist "^4.0.0"

minimalistic-assert@^1.0.0, minimalistic-assert@^1.0.1:
  version "1.0.1"
  resolved "https://registry.yarnpkg.com/minimalistic-assert/-/minimalistic-assert-1.0.1.tgz#2e194de044626d4a10e7f7fbc00ce73e83e4d5c7"
  integrity sha512-UtJcAD4yEaGtjPezWuO9wC4nwUnVH/8/Im3yEHQP4b67cXlD/Qr9hdITCU1xDbSEXg2XKNaP8jsReV7vQd00/A==

minimalistic-crypto-utils@^1.0.1:
  version "1.0.1"
  resolved "https://registry.yarnpkg.com/minimalistic-crypto-utils/-/minimalistic-crypto-utils-1.0.1.tgz#f6c00c1c0b082246e5c4d99dfb8c7c083b2b582a"
  integrity sha1-9sAMHAsIIkblxNmd+4x8CDsrWCo=

nanoassert@^1.0.0:
  version "1.1.0"
  resolved "https://registry.yarnpkg.com/nanoassert/-/nanoassert-1.1.0.tgz#4f3152e09540fde28c76f44b19bbcd1d5a42478d"
  integrity sha1-TzFS4JVA/eKMdvRLGbvNHVpCR40=

nanoassert@^2.0.0:
  version "2.0.0"
  resolved "https://registry.yarnpkg.com/nanoassert/-/nanoassert-2.0.0.tgz#a05f86de6c7a51618038a620f88878ed1e490c09"
  integrity sha512-7vO7n28+aYO4J+8w96AzhmU8G+Y/xpPDJz/se19ICsqj/momRbb9mh9ZUtkoJ5X3nTnPdhEJyc0qnM6yAsHBaA==

node-fetch@3.0.0-beta.9:
  version "3.0.0-beta.9"
  resolved "https://registry.yarnpkg.com/node-fetch/-/node-fetch-3.0.0-beta.9.tgz#0a7554cfb824380dd6812864389923c783c80d9b"
  integrity sha512-RdbZCEynH2tH46+tj0ua9caUHVWrd/RHnRfvly2EVdqGmI3ndS1Vn/xjm5KuGejDt2RNDQsVRLPNd2QPwcewVg==
  dependencies:
    data-uri-to-buffer "^3.0.1"
    fetch-blob "^2.1.1"

node-fetch@^2.6.1:
  version "2.6.1"
  resolved "https://registry.yarnpkg.com/node-fetch/-/node-fetch-2.6.1.tgz#045bd323631f76ed2e2b55573394416b639a0052"
  integrity sha512-V4aYg89jEoVRxRb2fJdAg8FHvI7cEyYdVAh94HH0UIK8oJxUfkjlDQN9RbMx+bEjP7+ggMiFRprSti032Oipxw==

node-forge@^0.9.1:
  version "0.9.2"
  resolved "https://registry.yarnpkg.com/node-forge/-/node-forge-0.9.2.tgz#b35a44c28889b2ea55cabf8c79e3563f9676190a"
  integrity sha512-naKSScof4Wn+aoHU6HBsifh92Zeicm1GDQKd1vp3Y/kOi8ub0DozCa9KpvYNCXslFHYRmLNiqRopGdTGwNLpNw==

node-forge@~0.10.0:
  version "0.10.0"
  resolved "https://registry.yarnpkg.com/node-forge/-/node-forge-0.10.0.tgz#32dea2afb3e9926f02ee5ce8794902691a676bf3"
  integrity sha512-PPmu8eEeG9saEUvI97fm4OYxXVB6bFvyNTyiUOBichBpFG8A1Ljw3bY62+5oOjDEMHRnd0Y7HQ+x7uzxOzC6JA==

node-gyp-build@^4.2.0:
  version "4.2.3"
  resolved "https://registry.yarnpkg.com/node-gyp-build/-/node-gyp-build-4.2.3.tgz#ce6277f853835f718829efb47db20f3e4d9c4739"
  integrity sha512-MN6ZpzmfNCRM+3t57PTJHgHyw/h4OWnZ6mR8P5j/uZtqQr46RRuDE/P+g3n0YR/AiYXeWixZZzaip77gdICfRg==

pako@2.0.3:
  version "2.0.3"
  resolved "https://registry.yarnpkg.com/pako/-/pako-2.0.3.tgz#cdf475e31b678565251406de9e759196a0ea7a43"
  integrity sha512-WjR1hOeg+kki3ZIOjaf4b5WVcay1jaliKSYiEaB1XzwhMQZJxRdQRv0V31EKBYlxb4T7SK3hjfc/jxyU64BoSw==

rdf-canonize@^3.0.0:
  version "3.0.0"
  resolved "https://registry.yarnpkg.com/rdf-canonize/-/rdf-canonize-3.0.0.tgz#f5bade563e5e58f5cc5881afcba3c43839e8c747"
  integrity sha512-LXRkhab1QaPJnhUIt1gtXXKswQCZ9zpflsSZFczG7mCLAkMvVjdqCGk9VXCUss0aOUeEyV2jtFxGcdX8DSkj9w==
  dependencies:
    setimmediate "^1.0.5"

react-native-get-random-values@^1.7.0:
  version "1.7.0"
  resolved "https://registry.yarnpkg.com/react-native-get-random-values/-/react-native-get-random-values-1.7.0.tgz#86d9d1960828b606392dba4540bf760605448530"
  integrity sha512-zDhmpWUekGRFb9I+MQkxllHcqXN9HBSsgPwBQfrZ1KZYpzDspWLZ6/yLMMZrtq4pVqNR7C7N96L3SuLpXv1nhQ==
  dependencies:
    fast-base64-decode "^1.0.0"

react-native-keychain@^7.0.0:
  version "7.0.0"
  resolved "https://registry.yarnpkg.com/react-native-keychain/-/react-native-keychain-7.0.0.tgz#11fd559fe86ae89f934b8c75ae228247deed5494"
  integrity sha512-tH26sgW4OxB/llXmhO+DajFISEUoF1Ip2+WSDMIgCt8SP1xRE81m2qFzgIOc/7StYsUERxHhDPkxvq2H0/Goig==

safe-buffer@^5.0.1:
  version "5.2.1"
  resolved "https://registry.yarnpkg.com/safe-buffer/-/safe-buffer-5.2.1.tgz#1eaf9fa9bdb1fdd4ec75f58f9cdb4e6b7827eec6"
  integrity sha512-rp3So07KcdmmKbGvgaNxQSJr7bGVSVk5S9Eq1F+ppbRo70+YeaDxkw5Dd8NPN+GD6bjnYm2VuPuCXmpuYvmCXQ==

scrypt-js@3.0.1:
  version "3.0.1"
  resolved "https://registry.yarnpkg.com/scrypt-js/-/scrypt-js-3.0.1.tgz#d314a57c2aef69d1ad98a138a21fe9eafa9ee312"
  integrity sha512-cdwTTnqPu0Hyvf5in5asVdZocVDTNRmR7XEcJuIzMjJeSHybHl7vpB66AzwTaIg6CLSbtjcxc8fqcySfnTkccA==

security-context@^4.0.0:
  version "4.0.0"
  resolved "https://registry.yarnpkg.com/security-context/-/security-context-4.0.0.tgz#e73f5d22bee9c7699a02eaaced359d001dc948e9"
  integrity sha512-yiDCS7tpKQl6p4NG57BdKLTSNLFfj5HosBIzXBl4jZf/qorJzSzbEUIdLhN+vVYgyLlvjixY8DPPTgqI8zvNCA==

semver@^6.2.0:
  version "6.3.0"
  resolved "https://registry.yarnpkg.com/semver/-/semver-6.3.0.tgz#ee0a64c8af5e8ceea67687b133761e1becbd1d3d"
  integrity sha512-b39TBaTSfV6yBrapU89p5fKekE2m/NwnDocOVruQFS1/veMgdzuPcnOM34M6CwxW8jH/lxEa5rBoDeUwu5HHTw==

serialize-error@^8.0.1:
  version "8.1.0"
  resolved "https://registry.yarnpkg.com/serialize-error/-/serialize-error-8.1.0.tgz#3a069970c712f78634942ddd50fbbc0eaebe2f67"
  integrity sha512-3NnuWfM6vBYoy5gZFvHiYsVbafvI9vZv/+jlIigFn4oP4zjNPK3LhcY0xSCgeb1a5L8jO71Mit9LlNoi2UfDDQ==
  dependencies:
    type-fest "^0.20.2"

setimmediate@^1.0.5:
  version "1.0.5"
  resolved "https://registry.yarnpkg.com/setimmediate/-/setimmediate-1.0.5.tgz#290cbb232e306942d7d7ea9b83732ab7856f8285"
  integrity sha1-KQy7Iy4waULX1+qbg3Mqt4VvgoU=

sha256-universal@^1.0.1:
  version "1.1.2"
  resolved "https://registry.yarnpkg.com/sha256-universal/-/sha256-universal-1.1.2.tgz#14ffad96fe5b6df6628f90dc2417a27c152e24ea"
  integrity sha512-sheCCiEJve+8rS/fgCaXax8SpXrLzPipCvp0+VDXXjDEHw2DdYqV2PdHVNMNWZrQ3fiQjaor4rQCzYdr3g7TIA==
  dependencies:
    sha256-wasm "^2.2.1"

sha256-wasm@^2.2.1:
  version "2.2.1"
  resolved "https://registry.yarnpkg.com/sha256-wasm/-/sha256-wasm-2.2.1.tgz#6a099e369e5efa1dc3fd53731447d7a06a6f0854"
  integrity sha512-OkqDgOpo86LzdWlpYVC/MfcQ1jytfR/wxPsGFJTWeEIyLaJg4spZTNQ40vuhYsLNDFidxqvMGae6u9VirkgqqA==
  dependencies:
    nanoassert "^2.0.0"

sha512-universal@^1.0.1:
  version "1.1.2"
  resolved "https://registry.yarnpkg.com/sha512-universal/-/sha512-universal-1.1.2.tgz#64b179465c7a21a365d74a4952502c9b55c1d80a"
  integrity sha512-QGS+eFX3ycFiRl5TxIxWv5ltAYXaLpnUeLMJpnEVIB7dEI/7pw3X0kYe3msuE4XaHERReuqDKBYRrCiQsqlESQ==
  dependencies:
    sha512-wasm "^2.3.1"

sha512-wasm@^2.3.1:
  version "2.3.1"
  resolved "https://registry.yarnpkg.com/sha512-wasm/-/sha512-wasm-2.3.1.tgz#5d8d9090ec9511c3255f88f5190ad338ce55e67f"
  integrity sha512-YxBYNsaHzTJh5gmk6AbD5aAvXktHy5LsjqbaEVdL60XslC4C7U23w2Mt8g+UDcvidr/K9aFZy3V71Y86Ech27A==
  dependencies:
    nanoassert "^2.0.0"

siphash24@^1.0.1:
  version "1.2.0"
  resolved "https://registry.yarnpkg.com/siphash24/-/siphash24-1.2.0.tgz#336fae17d3c11a4e46a71b0ff6052e8fd5de3ecc"
  integrity sha512-51yTA4ZqBY0tHTsBVGy3KAmMI7ArtwSOSmfFwJnZHFL+K76RMzZLx4m59HY5HSByjGHF3q+Fmcl8e5bMF160iQ==
  dependencies:
    nanoassert "^2.0.0"

sodium-javascript@^0.6.1:
  version "0.6.3"
  resolved "https://registry.yarnpkg.com/sodium-javascript/-/sodium-javascript-0.6.3.tgz#f1d0f4a7cea9d21b9142b8240a8d26c90cffbdc8"
  integrity sha512-Z+Xi02nBReXOwXKD8/9auRsh02swxgZlmen0vyoOE8cQTzzPXr4jHx+D7JUgc4S2j7sNza9k86xFLmQX/gEIWA==
  dependencies:
    blake2b "^2.1.1"
    chacha20-universal "^1.0.4"
    nanoassert "^2.0.0"
    sha256-universal "^1.0.1"
    sha512-universal "^1.0.1"
    siphash24 "^1.0.1"
    xsalsa20 "^1.0.0"

sodium-native@^3.2.0:
  version "3.2.1"
  resolved "https://registry.yarnpkg.com/sodium-native/-/sodium-native-3.2.1.tgz#91cd6a175d4b58b038eeccc7078ebc33202328be"
  integrity sha512-EgDZ/Z7PxL2kCasKk7wnRkV8W9kvwuIlHuHXAxkQm3FF0MgVsjyLBXGjSRGhjE6u7rhSpk3KaMfFM23bfMysIQ==
  dependencies:
    ini "^1.3.5"
    node-gyp-build "^4.2.0"

type-fest@^0.20.2:
  version "0.20.2"
  resolved "https://registry.yarnpkg.com/type-fest/-/type-fest-0.20.2.tgz#1bf207f4b28f91583666cb5fbd327887301cd5f4"
  integrity sha512-Ne+eE4r0/iWnpAxD852z3A+N0Bt5RN//NjJwRd2VFHEmrywxf5vsZlh4R6lixl6B+wz/8d+maTSAkN1FIkI3LQ==

uuid@^8.3.2:
  version "8.3.2"
  resolved "https://registry.yarnpkg.com/uuid/-/uuid-8.3.2.tgz#80d5b5ced271bb9af6c445f21a1a04c606cefbe2"
  integrity sha512-+NYs2QeMWy+GWFOEm9xnn6HCDp0l7QBD7ml8zLUmJ+93Q5NF0NocErnwkTkXVFNiX3/fpC6afS8Dhb/gz7R7eg==

ws@7.4.6:
  version "7.4.6"
  resolved "https://registry.yarnpkg.com/ws/-/ws-7.4.6.tgz#5654ca8ecdeee47c33a9a4bf6d28e2be2980377c"
  integrity sha512-YmhHDO4MzaDLB+M9ym/mDA5z0naX8j7SIlT8f8z+I0VtzsRbekxEutHSme7NPS2qE8StCYQNUnfWdXta/Yu85A==

xsalsa20@^1.0.0:
  version "1.1.0"
  resolved "https://registry.yarnpkg.com/xsalsa20/-/xsalsa20-1.1.0.tgz#bee27174af1913aaec0fe677d8ba161ec12bf87d"
  integrity sha512-zd3ytX2cm+tcSndRU+krm0eL4TMMpZE7evs5hLRAoOy6gviqLfe3qOlkjF3i5SeAkQUCeJk0lJZrEU56kHRfWw==

yallist@^4.0.0:
  version "4.0.0"
  resolved "https://registry.yarnpkg.com/yallist/-/yallist-4.0.0.tgz#9bb92790d9c0effec63be73519e11a35019a3a72"
  integrity sha512-3wdGidZyq5PB084XLES5TpOSRA3wjXAlIWMhum2kRcv/41Sn2emQ0dycQW4uZXLejwKvg6EsvbdlVL+FYEct7A==
